[[package]]
category = "main"
description = "Fast ASN.1 parser and serializer with definitions for private keys, public keys, certificates, CRL, OCSP, CMS, PKCS#3, PKCS#7, PKCS#8, PKCS#12, PKCS#5, X.509 and TSP"
name = "asn1crypto"
optional = false
python-versions = "*"
version = "1.1.0"

[[package]]
category = "main"
description = "Foreign Function Interface for Python calling C code."
name = "cffi"
optional = false
python-versions = "*"
version = "1.12.3"

[package.dependencies]
pycparser = "*"

[[package]]
category = "main"
description = "Composable command line interface toolkit"
name = "click"
optional = false
python-versions = ">=2.7, !=3.0.*, !=3.1.*, !=3.2.*, !=3.3.*"
version = "7.0"

[[package]]
category = "main"
description = "cryptography is a package which provides cryptographic recipes and primitives to Python developers."
name = "cryptography"
optional = false
python-versions = ">=2.7,!=3.0.*,!=3.1.*,!=3.2.*,!=3.3.*"
version = "2.7"

[package.dependencies]
asn1crypto = ">=0.21.0"
cffi = ">=1.8,<1.11.3 || >1.11.3"
six = ">=1.4.1"

[[package]]
category = "main"
description = "A simple framework for building complex web applications."
name = "flask"
optional = false
python-versions = ">=2.7, !=3.0.*, !=3.1.*, !=3.2.*, !=3.3.*, !=3.4.*"
version = "1.1.1"

[package.dependencies]
Jinja2 = ">=2.10.1"
Werkzeug = ">=0.15"
click = ">=5.1"
itsdangerous = ">=0.24"

[[package]]
category = "main"
description = "Various helpers to pass data to untrusted environments and back."
name = "itsdangerous"
optional = false
python-versions = ">=2.7, !=3.0.*, !=3.1.*, !=3.2.*, !=3.3.*"
version = "1.1.0"

[[package]]
category = "main"
description = "A very fast and expressive template engine."
name = "jinja2"
optional = false
python-versions = "*"
version = "2.10.3"

[package.dependencies]
MarkupSafe = ">=0.23"

[[package]]
category = "main"
description = "Safely add untrusted strings to HTML/XML markup."
name = "markupsafe"
optional = false
python-versions = ">=2.7,!=3.0.*,!=3.1.*,!=3.2.*,!=3.3.*"
version = "1.1.1"

[[package]]
category = "main"
description = "C parser in Python"
name = "pycparser"
optional = false
python-versions = ">=2.7, !=3.0.*, !=3.1.*, !=3.2.*, !=3.3.*"
version = "2.19"

[[package]]
category = "main"
description = "Python driver for MongoDB <http://www.mongodb.org>"
name = "pymongo"
optional = false
python-versions = ">=2.7,!=3.0.*,!=3.1.*,!=3.2.*,!=3.3.*"
version = "3.9.0"

[[package]]
category = "main"
description = "Python bindings for 0MQ"
name = "pyzmq"
optional = false
python-versions = ">=2.7,!=3.0*,!=3.1*,!=3.2*"
version = "17.1.3"

[[package]]
category = "main"
description = "Python 2 and 3 compatibility utilities"
name = "six"
optional = false
python-versions = ">=2.6, !=3.0.*, !=3.1.*"
version = "1.12.0"

[[package]]
category = "main"
description = "The comprehensive WSGI web application library."
name = "werkzeug"
optional = false
python-versions = ">=2.7, !=3.0.*, !=3.1.*, !=3.2.*, !=3.3.*"
version = "0.16.0"

[metadata]
content-hash = "4fed94ce9f1d938c7fc95f60ee1bff35ebcfdb3df4b7e3b788e973ab3112605c"
python-versions = "^3.5"

[metadata.hashes]
asn1crypto = ["5abe83e773026162e4869f4ac16edf7554f661e8cc0bb6d2be3bc6915456731b", "8f3f9470d4ba7aa53afb00278dc26aac22dc3a0d4ed1335fd772f034e094401e"]
cffi = ["041c81822e9f84b1d9c401182e174996f0bae9991f33725d059b771744290774", "046ef9a22f5d3eed06334d01b1e836977eeef500d9b78e9ef693f9380ad0b83d", "066bc4c7895c91812eff46f4b1c285220947d4aa46fa0a2651ff85f2afae9c90", "066c7ff148ae33040c01058662d6752fd73fbc8e64787229ea8498c7d7f4041b", "2444d0c61f03dcd26dbf7600cf64354376ee579acad77aef459e34efcb438c63", "300832850b8f7967e278870c5d51e3819b9aad8f0a2c8dbe39ab11f119237f45", "34c77afe85b6b9e967bd8154e3855e847b70ca42043db6ad17f26899a3df1b25", "46de5fa00f7ac09f020729148ff632819649b3e05a007d286242c4882f7b1dc3", "4aa8ee7ba27c472d429b980c51e714a24f47ca296d53f4d7868075b175866f4b", "4d0004eb4351e35ed950c14c11e734182591465a33e960a4ab5e8d4f04d72647", "4e3d3f31a1e202b0f5a35ba3bc4eb41e2fc2b11c1eff38b362de710bcffb5016", "50bec6d35e6b1aaeb17f7c4e2b9374ebf95a8975d57863546fa83e8d31bdb8c4", "55cad9a6df1e2a1d62063f79d0881a414a906a6962bc160ac968cc03ed3efcfb", "5662ad4e4e84f1eaa8efce5da695c5d2e229c563f9d5ce5b0113f71321bcf753", "59b4dc008f98fc6ee2bb4fd7fc786a8d70000d058c2bbe2698275bc53a8d3fa7", "73e1ffefe05e4ccd7bcea61af76f36077b914f92b76f95ccf00b0c1b9186f3f9", "a1f0fd46eba2d71ce1589f7e50a9e2ffaeb739fb2c11e8192aa2b45d5f6cc41f", "a2e85dc204556657661051ff4bab75a84e968669765c8a2cd425918699c3d0e8", "a5457d47dfff24882a21492e5815f891c0ca35fefae8aa742c6c263dac16ef1f", "a8dccd61d52a8dae4a825cdbb7735da530179fea472903eb871a5513b5abbfdc", "ae61af521ed676cf16ae94f30fe202781a38d7178b6b4ab622e4eec8cefaff42", "b012a5edb48288f77a63dba0840c92d0504aa215612da4541b7b42d849bc83a3", "d2c5cfa536227f57f97c92ac30c8109688ace8fa4ac086d19d0af47d134e2909", "d42b5796e20aacc9d15e66befb7a345454eef794fdb0737d1af593447c6c8f45", "dee54f5d30d775f525894d67b1495625dd9322945e7fee00731952e0368ff42d", "e070535507bd6aa07124258171be2ee8dfc19119c28ca94c9dfb7efd23564512", "e1ff2748c84d97b065cc95429814cdba39bcbd77c9c85c89344b317dc0d9cbff", "ed851c75d1e0e043cbf5ca9a8e1b13c4c90f3fbd863dacb01c0808e2b5204201"]
click = ["2335065e6395b9e67ca716de5f7526736bfa6ceead690adf616d925bdc622b13", "5b94b49521f6456670fdb30cd82a4eca9412788a93fa6dd6df72c94d5a8ff2d7"]
cryptography = ["24b61e5fcb506424d3ec4e18bca995833839bf13c59fc43e530e488f28d46b8c", "25dd1581a183e9e7a806fe0543f485103232f940fcfc301db65e630512cce643", "3452bba7c21c69f2df772762be0066c7ed5dc65df494a1d53a58b683a83e1216", "41a0be220dd1ed9e998f5891948306eb8c812b512dc398e5a01846d855050799", "5751d8a11b956fbfa314f6553d186b94aa70fdb03d8a4d4f1c82dcacf0cbe28a", "5f61c7d749048fa6e3322258b4263463bfccefecb0dd731b6561cb617a1d9bb9", "72e24c521fa2106f19623a3851e9f89ddfdeb9ac63871c7643790f872a305dfc", "7b97ae6ef5cba2e3bb14256625423413d5ce8d1abb91d4f29b6d1a081da765f8", "961e886d8a3590fd2c723cf07be14e2a91cf53c25f02435c04d39e90780e3b53", "96d8473848e984184b6728e2c9d391482008646276c3ff084a1bd89e15ff53a1", "ae536da50c7ad1e002c3eee101871d93abdc90d9c5f651818450a0d3af718609", "b0db0cecf396033abb4a93c95d1602f268b3a68bb0a9cc06a7cff587bb9a7292", "cfee9164954c186b191b91d4193989ca994703b2fff406f71cf454a2d3c7327e", "e6347742ac8f35ded4a46ff835c60e68c22a536a8ae5c4422966d06946b6d4c6", "f27d93f0139a3c056172ebb5d4f9056e770fdf0206c2f422ff2ebbad142e09ed", "f57b76e46a58b63d1c6375017f4564a28f19a5ca912691fd2e4261b3414b618d"]
flask = ["13f9f196f330c7c2c5d7a5cf91af894110ca0215ac051b5844701f2bfd934d52", "45eb5a6fd193d6cf7e0cf5d8a5b31f83d5faae0293695626f539a823e93b13f6"]
itsdangerous = ["321b033d07f2a4136d3ec762eac9f16a10ccd60f53c0c91af90217ace7ba1f19", "b12271b2047cb23eeb98c8b5622e2e5c5e9abd9784a153e9d8ef9cb4dd09d749"]
jinja2 = ["74320bb91f31270f9551d46522e33af46a80c3d619f4a4bf42b3164d30b5911f", "9fe95f19286cfefaa917656583d020be14e7859c6b0252588391e47db34527de"]
markupsafe = ["00bc623926325b26bb9605ae9eae8a215691f33cae5df11ca5424f06f2d1f473", "09027a7803a62ca78792ad89403b1b7a73a01c8cb65909cd876f7fcebd79b161", "09c4b7f37d6c648cb13f9230d847adf22f8171b1ccc4d5682398e77f40309235", "1027c282dad077d0bae18be6794e6b6b8c91d58ed8a8d89a89d59693b9131db5", "24982cc2533820871eba85ba648cd53d8623687ff11cbb805be4ff7b4c971aff", "29872e92839765e546828bb7754a68c418d927cd064fd4708fab9fe9c8bb116b", "43a55c2930bbc139570ac2452adf3d70cdbb3cfe5912c71cdce1c2c6bbd9c5d1", "46c99d2de99945ec5cb54f23c8cd5689f6d7177305ebff350a58ce5f8de1669e", "500d4957e52ddc3351cabf489e79c91c17f6e0899158447047588650b5e69183", "535f6fc4d397c1563d08b88e485c3496cf5784e927af890fb3c3aac7f933ec66", "62fe6c95e3ec8a7fad637b7f3d372c15ec1caa01ab47926cfdf7a75b40e0eac1", "6dd73240d2af64df90aa7c4e7481e23825ea70af4b4922f8ede5b9e35f78a3b1", "717ba8fe3ae9cc0006d7c451f0bb265ee07739daf76355d06366154ee68d221e", "79855e1c5b8da654cf486b830bd42c06e8780cea587384cf6545b7d9ac013a0b", "7c1699dfe0cf8ff607dbdcc1e9b9af1755371f92a68f706051cc8c37d447c905", "88e5fcfb52ee7b911e8bb6d6aa2fd21fbecc674eadd44118a9cc3863f938e735", "8defac2f2ccd6805ebf65f5eeb132adcf2ab57aa11fdf4c0dd5169a004710e7d", "98c7086708b163d425c67c7a91bad6e466bb99d797aa64f965e9d25c12111a5e", "9add70b36c5666a2ed02b43b335fe19002ee5235efd4b8a89bfcf9005bebac0d", "9bf40443012702a1d2070043cb6291650a0841ece432556f784f004937f0f32c", "ade5e387d2ad0d7ebf59146cc00c8044acbd863725f887353a10df825fc8ae21", "b00c1de48212e4cc9603895652c5c410df699856a2853135b3967591e4beebc2", "b1282f8c00509d99fef04d8ba936b156d419be841854fe901d8ae224c59f0be5", "b2051432115498d3562c084a49bba65d97cf251f5a331c64a12ee7e04dacc51b", "ba59edeaa2fc6114428f1637ffff42da1e311e29382d81b339c1817d37ec93c6", "c8716a48d94b06bb3b2524c2b77e055fb313aeb4ea620c8dd03a105574ba704f", "cd5df75523866410809ca100dc9681e301e3c27567cf498077e8551b6d20e42f", "e249096428b3ae81b08327a63a485ad0878de3fb939049038579ac0ef61e17e7"]
pycparser = ["a988718abfad80b6b157acce7bf130a30876d27603738ac39f140993246b25b3"]
pymongo = ["09f8196e1cb081713aa3face08d1806dc0a5dd64cb9f67fefc568519253a7ff2", "1be549c0ce2ba8242c149156ae2064b12a5d4704448d49f630b4910606efd474", "1f9fe869e289210250cba4ea20fbd169905b1793e1cd2737f423e107061afa98", "3653cea82d1e35edd0a2355150daf8a27ebf12cf55182d5ad1046bfa288f5140", "4249c6ba45587b959292a727532826c5032d59171f923f7f823788f413c2a5a3", "4ff8f5e7c0a78983c1ee07894fff1b21c0e0ad3a122d9786cc3745fd60e4a2ce", "56b29c638ab924716b48a3e94e3d7ac00b04acec1daa8190c36d61fc714c3629", "56ec9358bbfe5ae3b25e785f8a14619d6799c855a44734c9098bb457174019bf", "5b59bbde4eb417f3f9379f7b1a9de3669894f2bae9de933a836e2bffea2bbfa1", "5dca250cbf1183c3e7b7b18c882c2b2199bfb20c74c4c68dbf11596808a296da", "61101d1cc92881fac1f9ac7e99b033062f4c210178dc33193c8f5567feecb069", "7b4aea184e4868ebd4f9f786ffee14a1121bda5436ad04f6bcbacfa2147f8386", "86624c0205a403fb4fbfedef79c5b4ab27e21fd018fdb6a27cf03b3c32a9e2b9", "88ac09e1b197c3b4531e43054d49c022a3ea1281431b2f4980abafa35d2a5ce2", "8b0339809b12ea292d468524dd1777f1a9637d9bdc0353a9261b88f82537d606", "93dbf7388f6bf9af48dbb32f265b75b3dbc743a7a2ce98e44c88c049c58d85d3", "9b705daec636c560dd2d63935f428a6b3cddfe903fffc0f349e0e91007c893d6", "a090a819fe6fefadc2901d3911c07c76c0935ec5c790a50e9f3c3c47bacd5978", "a102b346f1921237eaa9a31ee89eda57ad3c3973d79be3a456d92524e7df8fec", "a13363869f2f36291d6367069c65d51d7b8d1b2fb410266b0b6b1f3c90d6deb0", "a409a43c76da50881b70cc9ee70a1744f882848e8e93a68fb434254379777fa3", "a76475834a978058425b0163f1bad35a5f70e45929a543075633c3fc1df564c5", "ad474e93525baa6c58d75d63a73143af24c9f93c8e26e8d382f32c4da637901a", "b268c7fa03ac77a8662fab3b2ab0be4beecb82f60f4c24b584e69565691a107f", "b67ec339b180acdbebcd03807ae4b1764a43e7069340fe860a60ac310b9d38be", "cca4e1ab5ba0cd7877d3938167ee8ae9c2986cc0e10d3dcc3243d664d3a83fec", "cef61de3f0f4441ec40266ff2ab42e5c16eaba1dc1fc6e1036f274621c52adc1", "e28153b5d5ca33d4ba0c3bbc0e1ff161b9016e5e5f3f8ca10d6fa49106eb9e04", "f30d7b37804daf0bab1143abc71666c630d7e270f5c14c5a7c300a6699c21108", "f70f0133301cccf9bfd68fd20f67184ef991be578b646e78441106f9e27cc44d", "fa75c21c1d82f20cce62f6fc4a68c2b0f33572ab406df1b17cd77a947d0b2993"]
pyzmq = ["0297e492e802930e4ea11058c996c61098d3bcde35bd22ffa849612096cfb451", "066e09a16df5fde29539cccbf1d9873e89c53b915b7116e5505b849d16136eb7", "0d3a78af30f697dd86888ad13c4b031475077b2c6c77506760feb5474a5404b4", "121183a5dfa208fd669744c3420446e78eeda896c930db1e9043a82cfc7df057", "135c79aa27571201fabc8b8c23a76e38108372946bf0102d9a0d54f7db98b887", "26ade191620cc91e561bf2cd2cf1a0c9ca6ab3709e0f7fc6e077e7b63d494c04", "2e8f1936a210f401d00bc5585d6cc67b04139b3ee3a4a5cd3dffe6deb9ed861c", "4aea018e9635dc984be021fcbe2e1adc1ec2df9cad187336fe1c5b51a8764367", "5bc52969196e5d91d8409599164eb9b289ee11495b6360d46eced0b7d309bc21", "5eeb15a91187dbe7474d939a3b811f9a6adf2555e4e54aad6748019877b6f9dd", "7df21400985b79d28468423d17e6bd5733bc679bda18cbdbe42d21a358da9542", "83722236bd6ae6a07dec0cb728906785040e91826c7575709a258b4e21d0f812", "8b6b7a1a1a02c14604f53be78c3d34b89f1c605a4490650e5e3761e6a5ceaf4f", "8d2ad9d172577a22a0c97c730878dfc164779f80e0d4fce2a8180b08d942d192", "94aef47aced0eac52beb4161ce67bcea6b7373eedfc1c2fae088bccab9736367", "955369eb6b41c3fb2b32135c14129009efda52d0d7de9d886a58f6d44c5bf883", "a4cd5a743a187d7029c950318d0bc84c240e5bdd129024f4395d6ba7fd8217fc", "a82f7ec532360472f28cb8d980abba3ad75faa69086c5b70859d15e31d30bb9f", "a8b270a11948f620b0cc0c45d7b93f646cb459512c471b4a212aeb1e4875ff9c", "b37998c7d6162f7cbe737ea58c4c0d26f9743500824f362df10156546e160293", "b49f902e8c476b3f6f377375930b48216b88effa264303b4443deb13f07b2728", "ced946201e222244d2fa68e2959ba3fc917e4c762875c2af07c46869fede5dc1", "e004d81738688ae3bae2efd8de83634e07ad223895e7bfcdcfe1aeed1dccc385", "eaa6d19bbc1f912d8aa7c6771d0b0a2c6fb9bf44d110fa420f976543d615f4fd", "ff21291f7378543cca99eb2277b85638d3529abc0ad6e77f6fe6179d91abd1b7"]
six = ["3350809f0555b11f552448330d0b52d5f24c91a322ea4a15ef22629740f3761c", "d16a0141ec1a18405cd4ce8b4613101da75da0e9a7aec5bdd4fa804d0e0eba73"]
werkzeug = ["7280924747b5733b246fe23972186c6b348f9ae29724135a6dfc1e53cea433e7", "e5f4a1f98b52b18a93da705a7458e55afb26f32bff83ff5d19189f92462d65c4"]
