[[package]]
category = "main"
description = "The ssl.match_hostname() function from Python 3.5"
name = "backports.ssl-match-hostname"
optional = false
platform = "UNKNOWN"
python-versions = "*"
version = "3.5.0.1"

[package.requirements]
python = "<3.5"

[[package]]
category = "main"
description = "CC-Core is part of the Curious Containers project. It provides common functionality for other parts of Curious Containers and implements agents to run data-driven experiments defined in RED or CWL format."
name = "cc-core"
optional = false
platform = "*"
python-versions = ">=3.4,<4.0"
version = "5.1.0"

[package.dependencies]
flask = ">=1.0,<2.0"
jinja2 = ">=2.10,<3.0"
jsonschema = ">=2.6,<3.0"
psutil = ">=5.4,<6.0"
requests = ">=2.18,<3.0"
"ruamel.yaml" = ">=0.14,<0.16"

[[package]]
category = "main"
description = "Python package for providing Mozilla's CA Bundle."
name = "certifi"
optional = false
platform = "*"
python-versions = "*"
version = "2018.4.16"

[[package]]
category = "main"
description = "Universal encoding detector for Python 2 and 3"
name = "chardet"
optional = false
platform = "*"
python-versions = "*"
version = "3.0.4"

[[package]]
category = "main"
description = "A simple wrapper around optparse for powerful command line utilities."
name = "click"
optional = false
platform = "*"
python-versions = "*"
version = "6.7"

[[package]]
category = "main"
description = "A Python library for the Docker Engine API."
name = "docker"
optional = false
platform = "*"
python-versions = "*"
version = "3.4.1"

[package.dependencies]
docker-pycreds = ">=0.3.0"
requests = ">=2.14.2,<2.18.0 || >2.18.0"
six = ">=1.4.0"
websocket-client = ">=0.32.0"

[package.dependencies."backports.ssl-match-hostname"]
python = "<3.5"
version = ">=3.5"

[[package.dependencies.pypiwin32]]
platform = "win32"
python = ">=3.6"
version = "220"

[[package.dependencies.pypiwin32]]
platform = "win32"
python = "<3.6"
version = "219"

[[package]]
category = "main"
description = "Python bindings for the docker credentials store API"
name = "docker-pycreds"
optional = false
platform = "*"
python-versions = "*"
version = "0.3.0"

[package.dependencies]
six = ">=1.4.0"

[[package]]
category = "main"
description = "A simple framework for building complex web applications."
name = "flask"
optional = false
platform = "any"
python-versions = "*"
version = "1.0.2"

[package.dependencies]
Jinja2 = ">=2.10"
Werkzeug = ">=0.14"
click = ">=5.1"
itsdangerous = ">=0.24"

[[package]]
category = "main"
description = "Internationalized Domain Names in Applications (IDNA)"
name = "idna"
optional = false
platform = "*"
python-versions = "*"
version = "2.7"

[[package]]
category = "main"
description = "Various helpers to pass trusted data to untrusted environments and back."
name = "itsdangerous"
optional = false
platform = "UNKNOWN"
python-versions = "*"
version = "0.24"

[[package]]
category = "main"
description = "A small but fast and easy to use stand-alone template engine written in pure python."
name = "jinja2"
optional = false
platform = "*"
python-versions = "*"
version = "2.10"

[package.dependencies]
MarkupSafe = ">=0.23"

[[package]]
category = "main"
description = "An implementation of JSON Schema validation for Python"
name = "jsonschema"
optional = false
platform = "*"
python-versions = "*"
version = "2.6.0"

[[package]]
category = "main"
description = "Implements a XML/HTML/XHTML Markup safe string for Python"
name = "markupsafe"
optional = false
platform = "UNKNOWN"
python-versions = "*"
version = "1.0"

[[package]]
category = "main"
description = "Cross-platform lib for process and system monitoring in Python."
name = "psutil"
optional = false
platform = "Platform Independent"
python-versions = ">=2.6, !=3.0.*, !=3.1.*, !=3.2.*, !=3.3.*"
version = "5.4.6"

[[package]]
category = "main"
description = "Python for Window Extensions"
name = "pypiwin32"
optional = false
platform = "*"
python-versions = "*"
version = "220"

[package.requirements]
platform = "win32"
python = ">=3.6"

[[package]]
category = "main"
description = "Python for Window Extensions"
name = "pypiwin32"
optional = false
platform = "UNKNOWN"
python-versions = "*"
version = "219"

[package.requirements]
platform = "win32"
python = "<3.6"

[[package]]
category = "main"
description = "Python bindings for 0MQ"
name = "pyzmq"
optional = false
platform = "*"
python-versions = ">=2.7,!=3.0*,!=3.1*,!=3.2*"
version = "17.0.0"

[[package]]
category = "main"
description = "Python HTTP for Humans."
name = "requests"
optional = false
platform = "*"
python-versions = ">=2.6, !=3.0.*, !=3.1.*, !=3.2.*, !=3.3.*"
version = "2.19.1"

[package.dependencies]
certifi = ">=2017.4.17"
chardet = ">=3.0.2,<3.1.0"
idna = ">=2.5,<2.8"
urllib3 = ">=1.21.1,<1.24"

[[package]]
category = "main"
description = "ruamel.yaml is a YAML parser/emitter that supports roundtrip preservation of comments, seq/map flow style, and map key order"
name = "ruamel.yaml"
optional = false
platform = "*"
python-versions = "*"
version = "0.15.41"

[[package]]
category = "main"
description = "Python 2 and 3 compatibility utilities"
name = "six"
optional = false
platform = "*"
python-versions = "*"
version = "1.11.0"

[[package]]
category = "main"
description = "HTTP library with thread-safe connection pooling, file post, and more."
name = "urllib3"
optional = false
platform = "*"
python-versions = ">=2.6, !=3.0.*, !=3.1.*, !=3.2.*, !=3.3.*, <4"
version = "1.23"

[[package]]
category = "main"
description = "WebSocket client for python. hybi13 is supported."
name = "websocket-client"
optional = false
platform = "*"
python-versions = "*"
version = "0.48.0"

[package.dependencies]
six = "*"

[[package]]
category = "main"
description = "The comprehensive WSGI web application library."
name = "werkzeug"
optional = false
platform = "any"
python-versions = "*"
version = "0.14.1"

[metadata]
content-hash = "5c2eeb856c0a77666a5ec630bf44a4e557ac74482a819a60c6526179c6fc9972"
platform = "*"
python-versions = "^3.4"

[metadata.hashes]
"backports.ssl-match-hostname" = ["502ad98707319f4a51fa2ca1c677bd659008d27ded9f6380c79e8932e38dcdf2"]
cc-core = ["f4ec8961a612b61c4fe08396a74738e74e9ed0534fb991ee76546f1af70001fc", "fd644c56ca860475e5ab4097d69c482dc925488f081546d13ac4b9566361ae4c"]
certifi = ["13e698f54293db9f89122b0581843a782ad0934a4fe0172d2a980ba77fc61bb7", "9fa520c1bacfb634fa7af20a76bcbd3d5fb390481724c597da32c719a7dca4b0"]
chardet = ["84ab92ed1c4d4f16916e05906b6b75a6c0fb5db821cc65e70cbd64a3e2a5eaae", "fc323ffcaeaed0e0a02bf4d117757b98aed530d9ed4531e3e15460124c106691"]
click = ["29f99fc6125fbc931b758dc053b3114e55c77a6e4c6c3a2674a2dc986016381d", "f15516df478d5a56180fbf80e68f206010e6d160fc39fa508b65e035fd75130b"]
docker = ["52cf5b1c3c394f9abf897638bfc3336d6b63a0f65969d0d4d2da6d3b1d8032b6", "ad077b49660b711d20f50f344f70cfae014d635ef094bf21b0d7df5f0aeedf99"]
docker-pycreds = ["0a941b290764ea7286bd77f54c0ace43b86a8acd6eb9ead3de9840af52384079", "8b0e956c8d206f832b06aa93a710ba2c3bcbacb5a314449c040b0b814355bbff"]
flask = ["2271c0070dbcb5275fad4a82e29f23ab92682dc45f9dfbc22c02ba9b9322ce48", "a080b744b7e345ccfcbc77954861cb05b3c63786e93f2b3875e0913d44b43f05"]
idna = ["156a6814fb5ac1fc6850fb002e0852d56c0c8d2531923a51032d1b70760e186e", "684a38a6f903c1d71d6d5fac066b58d7768af4de2b832e426ec79c30daa94a16"]
itsdangerous = ["cbb3fcf8d3e33df861709ecaf89d9e6629cff0a217bc2848f1b41cd30d360519"]
jinja2 = ["74c935a1b8bb9a3947c50a54766a969d4846290e1e788ea44c1392163723c3bd", "f84be1bb0040caca4cea721fcbbbbd61f9be9464ca236387158b0feea01914a4"]
jsonschema = ["000e68abd33c972a5248544925a0cae7d1125f9bf6c58280d37546b946769a08", "6ff5f3180870836cae40f06fa10419f557208175f13ad7bc26caa77beb1f6e02"]
markupsafe = ["a6be69091dac236ea9c6bc7d012beab42010fa914c459791d627dad4910eb665"]
psutil = ["0ff2b16e9045d01edb1dd10d7fbcc184012e37f6cd38029e959f2be9c6223f50", "254adb6a27c888f141d2a6032ae231d8ed4fc5f7583b4c825e5f7d7c78d26d2e", "319e12f6bae4d4d988fbff3bed792953fa3b44c791f085b0a1a230f755671ef7", "529ae235896efb99a6f77653a7138273ab701ec9f0343a1f5030945108dee3c4", "686e5a35fe4c0acc25f3466c32e716f2d498aaae7b7edc03e2305b682226bcf6", "6d981b4d863b20c8ceed98b8ac3d1ca7f96d28707a80845d360fa69c8fc2c44b", "7789885a72aa3075d28d028236eb3f2b84d908f81d38ad41769a6ddc2fd81b7c", "7f4616bcb44a6afda930cfc40215e5e9fa7c6896e683b287c771c937712fbe2f", "7fdb3d02bfd68f508e6745021311a4a4dbfec53fca03721474e985f310e249ba", "a9b85b335b40a528a8e2a6b549592138de8429c6296e7361892958956e6a73cf", "dc85fad15ef98103ecc047a0d81b55bbf5fe1b03313b96e883acc2e2fa87ed5c"]
pypiwin32 = ["0cece5cf12ae7f4b32764db8a12cdb1a8b27184be681e0cfbd2996f0cc07376f", "ceacd1b853fd9f521808d52554a1dcf1231d63c0e7409898ca6502e73e447b6b", "06d478295c89dbdd4187e1ac099bb8eab93c29e298bded4e2fbc77009287fa44", "0b8f74a48021d71c8645d4a9de5426dcd800976a96d9a3bfb90136b24b9318a6", "34fd396098d5b29b2a1ae71db5ca9ba91e1c6c5b7fb7fbff1296e0d45f0b103f", "44217c51c54b1dd0de31bdad270d5e18dab0c8fa8c121ddf63fa86fa5991787f", "5618522ad9c2b229d8a9a1c5175d135a397bf70d6db1d352adf0131aa5321258", "5e0101cb712a3b90ee1ccdf8b90ae48958c78e8f1584e958db85bb1a403a91d2", "5e64895aed07c7124b57ff21e48ee0ca4caa9d1f85042b1e7c35eecd0e2f01be", "69f63942403f5a6262f05602106ef4921db582df83c59b1a3571995652a6c762", "74ac5855269b3d67458815a709f083e74961fd5d558a4b9e1307eaa6c832d827", "794150d9e0c1fc61a9f5845d88028d24ffdf78253f03d7d623e0e1c103b5d92b", "ca375fdf0adb961d1988786aa2bcb54aac23fd1a647b591ccf44e0965a6dc51f", "ec4b285e1a58dc6eeaa331d5d278dbc6e9da3fa2675cbb803a9c88d2b9c43f79", "f226481dade2c075e7f488485b6e18a279367b94a019baf71493fab475f3a4b8", "f811d494040e91e38f01ef1e127177bbb9fdc350126a11cd65ac5db6cad2b92e", "fbe640e946e2fcd983048e2c40bee28eba884a9e0178fb1cf03e1d365abd8e3f"]
pyzmq = ["0145ae59139b41f65e047a3a9ed11bbc36e37d5e96c64382fcdff911c4d8c3f0", "18de8a02768b1c0b3495ac635b24bd902fafc08befb70a6e68c4d343ccbd6cbd", "2fb4d745ffe0a65ebf8fd29df093bb5c0ac96a506cb05b9a7b7c94b2524ae7f6", "4193cc666591495ab7fe8d24fa8374a35f9775f16dc7c46e03615559e1fc1855", "445fed4d71ac48da258ba38f2e29c88c5091124212a4004a0a6a42e6586a7de1", "538dfdd9542cf9ff37cd958da03b58d56b53b90800159ea07adc51a8ec7ffcb8", "613ac1fc4591b1c6a0a52ce3ed17dbffd6a17e985df504e8b4cdb987f97285b1", "630fb21f7474eb9e409a1ad476bf1ec489a69eb021172d422f2485cc3a44cd79", "6c3632d2c17cf03ce728ffaa328d45bb053623b3a0aa9747adcde81778d5a4d5", "767e1d0b1f7fff1950127abc08c5a5af2754987bc6480c6d641bed6971278a7a", "863ec1bfa52da6eaa5c4aa59143eeaeb4ef7a076862407a548ec645f25e6d6df", "a0ecf4c3eccd92f030a4e3e334b9da6fa3ee86be00249343c74e476d70567d0f", "ad5a8b19b6671b52d30ccfc3a0f4c600e49c4e2dcc88caf4106ed5958dec8d5e", "b31f2b50ad2920f21b904f5edf66bee324e42bb978df1407ecf381b210d4678e", "b328c538061757f627d32f7f8885c16f1d2f59f5374e057822f3c8e6cd94c41b", "b89268020a843d4c3cc04180577ec061fe96d35f267b0b672cb006e4d70560da", "ba0b43aebf856e5e249250d74c1232d6600b6859328920d12e2ba72a565ab1b1", "bdb12b485b3440b5193cd337d27cc126cdfc54ea9f38df237e1ead6216435cbe", "c30d27c9b35285597b8ef3019f97b9b98457b053f65dcc87a90dfdd4db09ca78", "d51eb3902d27d691483243707bfa67972167a70269bbbc172b74eeac4f780a1d", "e5578ae84bb94e97adadfcb00106a1cb161cb8017f89b01f6c3737f356257811", "f35b4cdeffff79357a9d929daa2a8620fb362b2cbeebdc5dd2cf9fcd27c44821", "fb983aec4bddee3680a0b7395f99e4595d70d81841370da736c5dc642bad4cd2"]
requests = ["63b52e3c866428a224f97cab011de738c36aec0185aa91cfacd418b5d58911d1", "ec22d826a36ed72a7358ff3fe56cbd4ba69dd7a6718ffd450ff0e9df7a47ce6a"]
"ruamel.yaml" = ["05469efbe07bc3e9eba502e75a9aeba5562f637ed9e150e3f2cc225963397d6c", "0a6aebe7c88be62837a36f63623926b3f533fa85eed15f3602b11629c543ebcf", "14c8c7fee0fff75093a651d0773a53a9b8cf58d094d067f3a879023f227aa60c", "35a5282f4d569c60a512d58a5ef1f67476e28499f38aed448237e6f6e722f372", "420a8bd6ddf6410d71c8712d64f6d171de78e3013c00dfab7c64c6d054df7bf2", "4576b346e86deeebb80eb1b89753f805d9781cfe6111ba4d268f45d2693c8270", "71c3ca379c9089d4840f32dab8c4966cc9151aa44dc06249557f7f51d1b82a33", "8c8eff14f355035c0e87e0afdaeb7c46e04743421b48bc4f13de898365487ee0", "9902dec5f157a063cc3cb2736286ec6f971a695c6bf3984ecaebce9a4e4241cf", "9ccdb5cdd611f19558ac0f950f9798362a91a92e5f7df8d82e99c4027321b6af", "ae5b440c9b5a1870b29b0712ac5dc6be8930f17c6f7392965373aa791b5981b5", "c101ac2af7f4aa55fcf4bc33e6b01f2439dda81b566a3b07f6faa37c1acd1bbb", "c2ef2f00fa4bd5e5ab8028dad21ddc13ad830fb737cf4b9288733518704984ce", "c7120afc6fa76d81cc01beeb578cb28ad9fa7256dbb7c7b9b16ba5c6be69df52", "cce46eb7dfba6aa61548e589719c8f24d30d38d106e7487ee102a807f4cca579", "de00578fa8030afecd57a990d910fa5d3141ecff3b8c1e2817e17b2e3b0d50a2", "e15be9dd56fd22df920152f41c45de1f4060731a9ebfc725441312474216c7da"]
six = ["70e8a77beed4562e7f14fe23a786b54f6296e34344c23bc42f07b15018ff98e9", "832dc0e10feb1aa2c68dcc57dbb658f1c7e65b9b61af69048abc87a2db00a0eb"]
urllib3 = ["a68ac5e15e76e7e5dd2b8f94007233e01effe3e50e8daddf69acfd81cb686baf", "b5725a0bd4ba422ab0e66e89e030c806576753ea3ee08554382c14e685d117b5"]
websocket-client = ["18f1170e6a1b5463986739d9fd45c4308b0d025c1b2f9b88788d8f69e8a5eb4a", "db70953ae4a064698b27ae56dcad84d0ee68b7b43cb40940f537738f38f510c1"]
werkzeug = ["c3fd7a7d41976d9f44db327260e263132466836cef6f91512889ed60ad26557c", "d5da73735293558eb1651ee2fddc4d0dedcfa06538b8813a2e20011583c9e49b"]
